
Microsoft Visual Studio Solution File, Format Version 12.00
# Visual Studio 14
VisualStudioVersion = 14.0.25420.1
MinimumVisualStudioVersion = 10.0.40219.1
Project("{FAE04EC0-301F-11D3-BF4B-00C04F79EFBC}") = "Athena", "Athena\Athena.csproj", "{780F3F3A-6C8B-4823-B144-0C5AD6AC9448}"
EndProject
Project("{FAE04EC0-301F-11D3-BF4B-00C04F79EFBC}") = "Athena.LogServer", "Athena.LogServer\Athena.LogServer.csproj", "{7D71EEE7-4F6A-4352-A8BC-70131062C43F}"
EndProject
Project("{FAE04EC0-301F-11D3-BF4B-00C04F79EFBC}") = "Athena.Wcf", "Athena.Wcf\Athena.Wcf.csproj", "{D17A781A-EAFC-4D25-90A6-B034144C4A9C}"
EndProject
Project("{FAE04EC0-301F-11D3-BF4B-00C04F79EFBC}") = "Athena.LogChannel", "Athena.LogChannel\Athena.LogChannel.csproj", "{31CAE887-3178-429C-9F51-46A8FDE1D2B6}"
EndProject
Project("{2150E333-8FDC-42A3-9474-1A3956D46DE8}") = "Solution Items", "Solution Items", "{6852EDC8-480A-48EB-83B4-85D06A298D95}"
	ProjectSection(SolutionItems) = preProject
		TODO.txt = TODO.txt
	EndProjectSection
EndProject
Global
	GlobalSection(SolutionConfigurationPlatforms) = preSolution
		Debug|Any CPU = Debug|Any CPU
		Release|Any CPU = Release|Any CPU
	EndGlobalSection
	GlobalSection(ProjectConfigurationPlatforms) = postSolution
		{780F3F3A-6C8B-4823-B144-0C5AD6AC9448}.Debug|Any CPU.ActiveCfg = Debug|Any CPU
		{780F3F3A-6C8B-4823-B144-0C5AD6AC9448}.Debug|Any CPU.Build.0 = Debug|Any CPU
		{780F3F3A-6C8B-4823-B144-0C5AD6AC9448}.Release|Any CPU.ActiveCfg = Release|Any CPU
		{780F3F3A-6C8B-4823-B144-0C5AD6AC9448}.Release|Any CPU.Build.0 = Release|Any CPU
		{7D71EEE7-4F6A-4352-A8BC-70131062C43F}.Debug|Any CPU.ActiveCfg = Debug|Any CPU
		{7D71EEE7-4F6A-4352-A8BC-70131062C43F}.Debug|Any CPU.Build.0 = Debug|Any CPU
		{7D71EEE7-4F6A-4352-A8BC-70131062C43F}.Release|Any CPU.ActiveCfg = Release|Any CPU
		{7D71EEE7-4F6A-4352-A8BC-70131062C43F}.Release|Any CPU.Build.0 = Release|Any CPU
		{D17A781A-EAFC-4D25-90A6-B034144C4A9C}.Debug|Any CPU.ActiveCfg = Debug|Any CPU
		{D17A781A-EAFC-4D25-90A6-B034144C4A9C}.Debug|Any CPU.Build.0 = Debug|Any CPU
		{D17A781A-EAFC-4D25-90A6-B034144C4A9C}.Release|Any CPU.ActiveCfg = Release|Any CPU
		{D17A781A-EAFC-4D25-90A6-B034144C4A9C}.Release|Any CPU.Build.0 = Release|Any CPU
		{31CAE887-3178-429C-9F51-46A8FDE1D2B6}.Debug|Any CPU.ActiveCfg = Debug|Any CPU
		{31CAE887-3178-429C-9F51-46A8FDE1D2B6}.Debug|Any CPU.Build.0 = Debug|Any CPU
		{31CAE887-3178-429C-9F51-46A8FDE1D2B6}.Release|Any CPU.ActiveCfg = Release|Any CPU
		{31CAE887-3178-429C-9F51-46A8FDE1D2B6}.Release|Any CPU.Build.0 = Release|Any CPU
	EndGlobalSection
	GlobalSection(SolutionProperties) = preSolution
		HideSolutionNode = FALSE
	EndGlobalSection
EndGlobal
